
Microsoft Visual Studio Solution File, Format Version 12.00
# Visual Studio Version 16
VisualStudioVersion = 16.0.29318.209
MinimumVisualStudioVersion = 10.0.40219.1
Project("{FAE04EC0-301F-11D3-BF4B-00C04F79EFBC}") = "Csharp project Q6", "Csharp project Q6\Csharp project Q6.csproj", "{D43027D8-894E-4F33-9C11-936021D20F6C}"
EndProject
Global
	GlobalSection(SolutionConfigurationPlatforms) = preSolution
		Debug|Any CPU = Debug|Any CPU
		Release|Any CPU = Release|Any CPU
	EndGlobalSection
	GlobalSection(ProjectConfigurationPlatforms) = postSolution
		{D43027D8-894E-4F33-9C11-936021D20F6C}.Debug|Any CPU.ActiveCfg = Debug|Any CPU
		{D43027D8-894E-4F33-9C11-936021D20F6C}.Debug|Any CPU.Build.0 = Debug|Any CPU
		{D43027D8-894E-4F33-9C11-936021D20F6C}.Release|Any CPU.ActiveCfg = Release|Any CPU
		{D43027D8-894E-4F33-9C11-936021D20F6C}.Release|Any CPU.Build.0 = Release|Any CPU
	EndGlobalSection
	GlobalSection(SolutionProperties) = preSolution
		HideSolutionNode = FALSE
	EndGlobalSection
	GlobalSection(ExtensibilityGlobals) = postSolution
		SolutionGuid = {B3B51168-742E-462A-B8C1-4B3E67C6BCD4}
	EndGlobalSection
EndGlobal
